
Microsoft Visual Studio Solution File, Format Version 12.00
# Visual Studio Version 16
VisualStudioVersion = 16.0.29230.47
MinimumVisualStudioVersion = 10.0.40219.1
Project("{FAE04EC0-301F-11D3-BF4B-00C04F79EFBC}") = "Api", "Api\Api.csproj", "{40BC9215-5E29-4449-A7BA-EF6B2DCE9A5E}"
EndProject
Project("{FAE04EC0-301F-11D3-BF4B-00C04F79EFBC}") = "Service", "Service\Service.csproj", "{8CA809FF-D379-4EC1-8C15-987C583A87FD}"
EndProject
Project("{FAE04EC0-301F-11D3-BF4B-00C04F79EFBC}") = "Model", "Model\Model.csproj", "{050BA476-2229-4E54-B096-819B6A1178FF}"
EndProject
Project("{FAE04EC0-301F-11D3-BF4B-00C04F79EFBC}") = "Persistence", "Persistence\Persistence.csproj", "{99BF28DA-9380-4F99-B3C1-8C8C1127E704}"
EndProject
Global
	GlobalSection(SolutionConfigurationPlatforms) = preSolution
		Debug|Any CPU = Debug|Any CPU
		Release|Any CPU = Release|Any CPU
	EndGlobalSection
	GlobalSection(ProjectConfigurationPlatforms) = postSolution
		{40BC9215-5E29-4449-A7BA-EF6B2DCE9A5E}.Debug|Any CPU.ActiveCfg = Debug|Any CPU
		{40BC9215-5E29-4449-A7BA-EF6B2DCE9A5E}.Debug|Any CPU.Build.0 = Debug|Any CPU
		{40BC9215-5E29-4449-A7BA-EF6B2DCE9A5E}.Release|Any CPU.ActiveCfg = Release|Any CPU
		{40BC9215-5E29-4449-A7BA-EF6B2DCE9A5E}.Release|Any CPU.Build.0 = Release|Any CPU
		{8CA809FF-D379-4EC1-8C15-987C583A87FD}.Debug|Any CPU.ActiveCfg = Debug|Any CPU
		{8CA809FF-D379-4EC1-8C15-987C583A87FD}.Debug|Any CPU.Build.0 = Debug|Any CPU
		{8CA809FF-D379-4EC1-8C15-987C583A87FD}.Release|Any CPU.ActiveCfg = Release|Any CPU
		{8CA809FF-D379-4EC1-8C15-987C583A87FD}.Release|Any CPU.Build.0 = Release|Any CPU
		{050BA476-2229-4E54-B096-819B6A1178FF}.Debug|Any CPU.ActiveCfg = Debug|Any CPU
		{050BA476-2229-4E54-B096-819B6A1178FF}.Debug|Any CPU.Build.0 = Debug|Any CPU
		{050BA476-2229-4E54-B096-819B6A1178FF}.Release|Any CPU.ActiveCfg = Release|Any CPU
		{050BA476-2229-4E54-B096-819B6A1178FF}.Release|Any CPU.Build.0 = Release|Any CPU
		{99BF28DA-9380-4F99-B3C1-8C8C1127E704}.Debug|Any CPU.ActiveCfg = Debug|Any CPU
		{99BF28DA-9380-4F99-B3C1-8C8C1127E704}.Debug|Any CPU.Build.0 = Debug|Any CPU
		{99BF28DA-9380-4F99-B3C1-8C8C1127E704}.Release|Any CPU.ActiveCfg = Release|Any CPU
		{99BF28DA-9380-4F99-B3C1-8C8C1127E704}.Release|Any CPU.Build.0 = Release|Any CPU
	EndGlobalSection
	GlobalSection(SolutionProperties) = preSolution
		HideSolutionNode = FALSE
	EndGlobalSection
	GlobalSection(ExtensibilityGlobals) = postSolution
		SolutionGuid = {40053299-1AEB-48EF-A349-4F07C7A71CAE}
	EndGlobalSection
EndGlobal
